
Microsoft Visual Studio Solution File, Format Version 12.00
# Visual Studio Version 17
VisualStudioVersion = 17.0.32112.339
MinimumVisualStudioVersion = 10.0.40219.1
Project("{FAE04EC0-301F-11D3-BF4B-00C04F79EFBC}") = "Maximum", "Maximum\Maximum.csproj", "{7542EECB-00B0-4C8F-822E-84ED3457C952}"
EndProject
Global
	GlobalSection(SolutionConfigurationPlatforms) = preSolution
		Debug|Any CPU = Debug|Any CPU
		Release|Any CPU = Release|Any CPU
	EndGlobalSection
	GlobalSection(ProjectConfigurationPlatforms) = postSolution
		{7542EECB-00B0-4C8F-822E-84ED3457C952}.Debug|Any CPU.ActiveCfg = Debug|Any CPU
		{7542EECB-00B0-4C8F-822E-84ED3457C952}.Debug|Any CPU.Build.0 = Debug|Any CPU
		{7542EECB-00B0-4C8F-822E-84ED3457C952}.Release|Any CPU.ActiveCfg = Release|Any CPU
		{7542EECB-00B0-4C8F-822E-84ED3457C952}.Release|Any CPU.Build.0 = Release|Any CPU
	EndGlobalSection
	GlobalSection(SolutionProperties) = preSolution
		HideSolutionNode = FALSE
	EndGlobalSection
	GlobalSection(ExtensibilityGlobals) = postSolution
		SolutionGuid = {F0B5DD4C-D6E9-419C-B425-86272AEA63BF}
	EndGlobalSection
EndGlobal
